
Microsoft Visual Studio Solution File, Format Version 12.00
# Visual Studio 14
VisualStudioVersion = 14.0.25123.0
MinimumVisualStudioVersion = 10.0.40219.1
Project("{FAE04EC0-301F-11D3-BF4B-00C04F79EFBC}") = "Linq", "Linq\Linq.csproj", "{1A475E13-3CB1-4351-9E43-FB3366A08BE0}"
EndProject
Project("{FAE04EC0-301F-11D3-BF4B-00C04F79EFBC}") = "Linq.Operation", "Linq.Operation\Linq.Operation.csproj", "{5D56A235-6BAE-4E09-B33E-C2278729EE0F}"
EndProject
Global
	GlobalSection(SolutionConfigurationPlatforms) = preSolution
		Debug|Any CPU = Debug|Any CPU
		Release|Any CPU = Release|Any CPU
	EndGlobalSection
	GlobalSection(ProjectConfigurationPlatforms) = postSolution
		{1A475E13-3CB1-4351-9E43-FB3366A08BE0}.Debug|Any CPU.ActiveCfg = Debug|Any CPU
		{1A475E13-3CB1-4351-9E43-FB3366A08BE0}.Debug|Any CPU.Build.0 = Debug|Any CPU
		{1A475E13-3CB1-4351-9E43-FB3366A08BE0}.Release|Any CPU.ActiveCfg = Release|Any CPU
		{1A475E13-3CB1-4351-9E43-FB3366A08BE0}.Release|Any CPU.Build.0 = Release|Any CPU
		{5D56A235-6BAE-4E09-B33E-C2278729EE0F}.Debug|Any CPU.ActiveCfg = Debug|Any CPU
		{5D56A235-6BAE-4E09-B33E-C2278729EE0F}.Debug|Any CPU.Build.0 = Debug|Any CPU
		{5D56A235-6BAE-4E09-B33E-C2278729EE0F}.Release|Any CPU.ActiveCfg = Release|Any CPU
		{5D56A235-6BAE-4E09-B33E-C2278729EE0F}.Release|Any CPU.Build.0 = Release|Any CPU
	EndGlobalSection
	GlobalSection(SolutionProperties) = preSolution
		HideSolutionNode = FALSE
	EndGlobalSection
EndGlobal
